
Microsoft Visual Studio Solution File, Format Version 12.00
# Visual Studio 15
VisualStudioVersion = 15.0.27428.2037
MinimumVisualStudioVersion = 10.0.40219.1
Project("{FAE04EC0-301F-11D3-BF4B-00C04F79EFBC}") = "Inheritance_3", "Inheritance_3\Inheritance_3.csproj", "{886BD5DF-129D-4E81-B444-27594745EA1D}"
EndProject
Global
	GlobalSection(SolutionConfigurationPlatforms) = preSolution
		Debug|Any CPU = Debug|Any CPU
		Release|Any CPU = Release|Any CPU
	EndGlobalSection
	GlobalSection(ProjectConfigurationPlatforms) = postSolution
		{886BD5DF-129D-4E81-B444-27594745EA1D}.Debug|Any CPU.ActiveCfg = Debug|Any CPU
		{886BD5DF-129D-4E81-B444-27594745EA1D}.Debug|Any CPU.Build.0 = Debug|Any CPU
		{886BD5DF-129D-4E81-B444-27594745EA1D}.Release|Any CPU.ActiveCfg = Release|Any CPU
		{886BD5DF-129D-4E81-B444-27594745EA1D}.Release|Any CPU.Build.0 = Release|Any CPU
	EndGlobalSection
	GlobalSection(SolutionProperties) = preSolution
		HideSolutionNode = FALSE
	EndGlobalSection
	GlobalSection(ExtensibilityGlobals) = postSolution
		SolutionGuid = {CE2A297F-6F11-48F8-AA80-B8E77C4DE754}
	EndGlobalSection
EndGlobal
